
Microsoft Visual Studio Solution File, Format Version 12.00
# Visual Studio Version 17
VisualStudioVersion = 17.0.31903.59
MinimumVisualStudioVersion = 10.0.40219.1
Project("{2150E333-8FDC-42A3-9474-1A3956D46DE8}") = "src", "src", "{A0A813D4-4B8A-4969-A578-D035B24E41A9}"
EndProject
Project("{FAE04EC0-301F-11D3-BF4B-00C04F79EFBC}") = "AuctionService", "src\AuctionService\AuctionService.csproj", "{71CAE5B6-13C0-4518-9E95-EDC51A432319}"
EndProject
Project("{2150E333-8FDC-42A3-9474-1A3956D46DE8}") = "Solution Items", "Solution Items", "{F294F751-800D-4DC3-8FCD-139AC66AD770}"
	ProjectSection(SolutionItems) = preProject
		docker-compose.yml = docker-compose.yml
	EndProjectSection
EndProject
Project("{FAE04EC0-301F-11D3-BF4B-00C04F79EFBC}") = "SearchService", "src\SearchService\SearchService.csproj", "{32F73693-C64A-452F-92BE-01740822620E}"
EndProject
Project("{FAE04EC0-301F-11D3-BF4B-00C04F79EFBC}") = "IdentityService", "src\IdentityService\IdentityService.csproj", "{ECCF0E21-9B20-44E7-8659-5F2E5241CED4}"
EndProject
Project("{FAE04EC0-301F-11D3-BF4B-00C04F79EFBC}") = "GatewayService", "src\GatewayService\GatewayService.csproj", "{DE1A9C7A-8FFC-49BE-97BE-66504FA4A02E}"
EndProject
Project("{FAE04EC0-301F-11D3-BF4B-00C04F79EFBC}") = "Contracts", "src\Contracts\Contracts.csproj", "{7FE70C9C-ACE4-4638-871F-CF0C644EA099}"
EndProject
Global
	GlobalSection(SolutionConfigurationPlatforms) = preSolution
		Debug|Any CPU = Debug|Any CPU
		Release|Any CPU = Release|Any CPU
	EndGlobalSection
	GlobalSection(ProjectConfigurationPlatforms) = postSolution
		{71CAE5B6-13C0-4518-9E95-EDC51A432319}.Debug|Any CPU.ActiveCfg = Debug|Any CPU
		{71CAE5B6-13C0-4518-9E95-EDC51A432319}.Debug|Any CPU.Build.0 = Debug|Any CPU
		{71CAE5B6-13C0-4518-9E95-EDC51A432319}.Release|Any CPU.ActiveCfg = Release|Any CPU
		{71CAE5B6-13C0-4518-9E95-EDC51A432319}.Release|Any CPU.Build.0 = Release|Any CPU
		{32F73693-C64A-452F-92BE-01740822620E}.Debug|Any CPU.ActiveCfg = Debug|Any CPU
		{32F73693-C64A-452F-92BE-01740822620E}.Debug|Any CPU.Build.0 = Debug|Any CPU
		{32F73693-C64A-452F-92BE-01740822620E}.Release|Any CPU.ActiveCfg = Release|Any CPU
		{32F73693-C64A-452F-92BE-01740822620E}.Release|Any CPU.Build.0 = Release|Any CPU
		{ECCF0E21-9B20-44E7-8659-5F2E5241CED4}.Debug|Any CPU.ActiveCfg = Debug|Any CPU
		{ECCF0E21-9B20-44E7-8659-5F2E5241CED4}.Debug|Any CPU.Build.0 = Debug|Any CPU
		{ECCF0E21-9B20-44E7-8659-5F2E5241CED4}.Release|Any CPU.ActiveCfg = Release|Any CPU
		{ECCF0E21-9B20-44E7-8659-5F2E5241CED4}.Release|Any CPU.Build.0 = Release|Any CPU
		{EF6C00DC-4F07-4DFE-AFFC-A24E58129471}.Debug|Any CPU.ActiveCfg = Debug|Any CPU
		{EF6C00DC-4F07-4DFE-AFFC-A24E58129471}.Debug|Any CPU.Build.0 = Debug|Any CPU
		{EF6C00DC-4F07-4DFE-AFFC-A24E58129471}.Release|Any CPU.ActiveCfg = Release|Any CPU
		{EF6C00DC-4F07-4DFE-AFFC-A24E58129471}.Release|Any CPU.Build.0 = Release|Any CPU
		{DE1A9C7A-8FFC-49BE-97BE-66504FA4A02E}.Debug|Any CPU.ActiveCfg = Debug|Any CPU
		{DE1A9C7A-8FFC-49BE-97BE-66504FA4A02E}.Debug|Any CPU.Build.0 = Debug|Any CPU
		{DE1A9C7A-8FFC-49BE-97BE-66504FA4A02E}.Release|Any CPU.ActiveCfg = Release|Any CPU
		{DE1A9C7A-8FFC-49BE-97BE-66504FA4A02E}.Release|Any CPU.Build.0 = Release|Any CPU
		{7FE70C9C-ACE4-4638-871F-CF0C644EA099}.Debug|Any CPU.ActiveCfg = Debug|Any CPU
		{7FE70C9C-ACE4-4638-871F-CF0C644EA099}.Debug|Any CPU.Build.0 = Debug|Any CPU
		{7FE70C9C-ACE4-4638-871F-CF0C644EA099}.Release|Any CPU.ActiveCfg = Release|Any CPU
		{7FE70C9C-ACE4-4638-871F-CF0C644EA099}.Release|Any CPU.Build.0 = Release|Any CPU
	EndGlobalSection
	GlobalSection(SolutionProperties) = preSolution
		HideSolutionNode = FALSE
	EndGlobalSection
	GlobalSection(NestedProjects) = preSolution
		{71CAE5B6-13C0-4518-9E95-EDC51A432319} = {A0A813D4-4B8A-4969-A578-D035B24E41A9}
		{32F73693-C64A-452F-92BE-01740822620E} = {A0A813D4-4B8A-4969-A578-D035B24E41A9}
		{ECCF0E21-9B20-44E7-8659-5F2E5241CED4} = {A0A813D4-4B8A-4969-A578-D035B24E41A9}
		{EF6C00DC-4F07-4DFE-AFFC-A24E58129471} = {A0A813D4-4B8A-4969-A578-D035B24E41A9}
		{DE1A9C7A-8FFC-49BE-97BE-66504FA4A02E} = {A0A813D4-4B8A-4969-A578-D035B24E41A9}
		{7FE70C9C-ACE4-4638-871F-CF0C644EA099} = {A0A813D4-4B8A-4969-A578-D035B24E41A9}
	EndGlobalSection
EndGlobal
